
Microsoft Visual Studio Solution File, Format Version 12.00
# Visual Studio 14
VisualStudioVersion = 14.0.24720.0
MinimumVisualStudioVersion = 10.0.40219.1
Project("{FAE04EC0-301F-11D3-BF4B-00C04F79EFBC}") = "CoatiPlugin", "CoatiPlugin\CoatiPlugin.csproj", "{A585A530-E120-4C74-934E-D57ED12A7DA9}"
EndProject
Global
	GlobalSection(SolutionConfigurationPlatforms) = preSolution
		Debug|Any CPU = Debug|Any CPU
		Release|Any CPU = Release|Any CPU
	EndGlobalSection
	GlobalSection(ProjectConfigurationPlatforms) = postSolution
		{A585A530-E120-4C74-934E-D57ED12A7DA9}.Debug|Any CPU.ActiveCfg = Debug|Any CPU
		{A585A530-E120-4C74-934E-D57ED12A7DA9}.Debug|Any CPU.Build.0 = Debug|Any CPU
		{A585A530-E120-4C74-934E-D57ED12A7DA9}.Release|Any CPU.ActiveCfg = Release|Any CPU
		{A585A530-E120-4C74-934E-D57ED12A7DA9}.Release|Any CPU.Build.0 = Release|Any CPU
	EndGlobalSection
	GlobalSection(SolutionProperties) = preSolution
		HideSolutionNode = FALSE
	EndGlobalSection
EndGlobal
